
Microsoft Visual Studio Solution File, Format Version 12.00
# Visual Studio Version 17
VisualStudioVersion = 17.9.34728.123
MinimumVisualStudioVersion = 10.0.40219.1
Project("{FAE04EC0-301F-11D3-BF4B-00C04F79EFBC}") = "PocketGrail.Api", "PocketGrail.Api\PocketGrail.Api.csproj", "{6EA8F7A1-BBEF-4C65-B64A-9C2EAFD9819E}"
EndProject
Project("{FAE04EC0-301F-11D3-BF4B-00C04F79EFBC}") = "PocketGrail.Application", "PocketGrail.Application\PocketGrail.Application.csproj", "{9A0D7268-E317-491F-8FF1-FBE3D7424A5F}"
EndProject
Project("{FAE04EC0-301F-11D3-BF4B-00C04F79EFBC}") = "PocketGrail.Infrastructure", "PocketGrail.Infrastructure\PocketGrail.Infrastructure.csproj", "{1B225A7B-F02D-4158-B408-134E9ACAC538}"
EndProject
Project("{FAE04EC0-301F-11D3-BF4B-00C04F79EFBC}") = "PocketGrail.Domain", "PocketGrail.Domain\PocketGrail.Domain.csproj", "{579E630F-485A-4703-9AC7-7AB68447E8FB}"
EndProject
Global
	GlobalSection(SolutionConfigurationPlatforms) = preSolution
		Debug|Any CPU = Debug|Any CPU
		Release|Any CPU = Release|Any CPU
	EndGlobalSection
	GlobalSection(ProjectConfigurationPlatforms) = postSolution
		{6EA8F7A1-BBEF-4C65-B64A-9C2EAFD9819E}.Debug|Any CPU.ActiveCfg = Debug|Any CPU
		{6EA8F7A1-BBEF-4C65-B64A-9C2EAFD9819E}.Debug|Any CPU.Build.0 = Debug|Any CPU
		{6EA8F7A1-BBEF-4C65-B64A-9C2EAFD9819E}.Release|Any CPU.ActiveCfg = Release|Any CPU
		{6EA8F7A1-BBEF-4C65-B64A-9C2EAFD9819E}.Release|Any CPU.Build.0 = Release|Any CPU
		{9A0D7268-E317-491F-8FF1-FBE3D7424A5F}.Debug|Any CPU.ActiveCfg = Debug|Any CPU
		{9A0D7268-E317-491F-8FF1-FBE3D7424A5F}.Debug|Any CPU.Build.0 = Debug|Any CPU
		{9A0D7268-E317-491F-8FF1-FBE3D7424A5F}.Release|Any CPU.ActiveCfg = Release|Any CPU
		{9A0D7268-E317-491F-8FF1-FBE3D7424A5F}.Release|Any CPU.Build.0 = Release|Any CPU
		{1B225A7B-F02D-4158-B408-134E9ACAC538}.Debug|Any CPU.ActiveCfg = Debug|Any CPU
		{1B225A7B-F02D-4158-B408-134E9ACAC538}.Debug|Any CPU.Build.0 = Debug|Any CPU
		{1B225A7B-F02D-4158-B408-134E9ACAC538}.Release|Any CPU.ActiveCfg = Release|Any CPU
		{1B225A7B-F02D-4158-B408-134E9ACAC538}.Release|Any CPU.Build.0 = Release|Any CPU
		{579E630F-485A-4703-9AC7-7AB68447E8FB}.Debug|Any CPU.ActiveCfg = Debug|Any CPU
		{579E630F-485A-4703-9AC7-7AB68447E8FB}.Debug|Any CPU.Build.0 = Debug|Any CPU
		{579E630F-485A-4703-9AC7-7AB68447E8FB}.Release|Any CPU.ActiveCfg = Release|Any CPU
		{579E630F-485A-4703-9AC7-7AB68447E8FB}.Release|Any CPU.Build.0 = Release|Any CPU
	EndGlobalSection
	GlobalSection(SolutionProperties) = preSolution
		HideSolutionNode = FALSE
	EndGlobalSection
	GlobalSection(ExtensibilityGlobals) = postSolution
		SolutionGuid = {65BFA742-57D6-417C-9449-D0489D3939C3}
	EndGlobalSection
EndGlobal
